
Microsoft Visual Studio Solution File, Format Version 12.00
# Visual Studio 15
VisualStudioVersion = 15.0.28010.2041
MinimumVisualStudioVersion = 10.0.40219.1
Project("{9A19103F-16F7-4668-BE54-9A1E7A4F7556}") = "Configurator.UI", "Configurator.UI.csproj", "{99C02BE3-A0E2-40D4-83D7-CFF95B58D0F7}"
EndProject
Global
	GlobalSection(SolutionConfigurationPlatforms) = preSolution
		Debug|Any CPU = Debug|Any CPU
		Release|Any CPU = Release|Any CPU
	EndGlobalSection
	GlobalSection(ProjectConfigurationPlatforms) = postSolution
		{99C02BE3-A0E2-40D4-83D7-CFF95B58D0F7}.Debug|Any CPU.ActiveCfg = Debug|Any CPU
		{99C02BE3-A0E2-40D4-83D7-CFF95B58D0F7}.Debug|Any CPU.Build.0 = Debug|Any CPU
		{99C02BE3-A0E2-40D4-83D7-CFF95B58D0F7}.Release|Any CPU.ActiveCfg = Release|Any CPU
		{99C02BE3-A0E2-40D4-83D7-CFF95B58D0F7}.Release|Any CPU.Build.0 = Release|Any CPU
	EndGlobalSection
	GlobalSection(SolutionProperties) = preSolution
		HideSolutionNode = FALSE
	EndGlobalSection
	GlobalSection(ExtensibilityGlobals) = postSolution
		SolutionGuid = {709F9AB5-1AEC-46B5-9186-477E50C1148B}
	EndGlobalSection
	GlobalSection(TeamFoundationVersionControl) = preSolution
		SccNumberOfProjects = 2
		SccEnterpriseProvider = {4CA58AB2-18FA-4F8D-95D4-32DDF27D184C}
		SccTeamFoundationServer = http://asga_tfs2:8080/tfs/defaultcollection
		SccProjectUniqueName0 = Configurator.UI.csproj
		SccLocalPath0 = .
		SccLocalPath1 = .
	EndGlobalSection
EndGlobal
